
Microsoft Visual Studio Solution File, Format Version 12.00
# Visual Studio Version 17
VisualStudioVersion = 17.3.32929.385
MinimumVisualStudioVersion = 10.0.40219.1
Project("{FAE04EC0-301F-11D3-BF4B-00C04F79EFBC}") = "BillSplitter.UI", "BillSplitter\BillSplitter.UI.csproj", "{D8C73540-44A2-4409-9829-5C564F0D4228}"
	ProjectSection(ProjectDependencies) = postProject
		{F7D300B9-7A93-4DDC-94D9-A9E97B0BCCE4} = {F7D300B9-7A93-4DDC-94D9-A9E97B0BCCE4}
	EndProjectSection
EndProject
Project("{FAE04EC0-301F-11D3-BF4B-00C04F79EFBC}") = "BillSplitter.DataAccess", "BillSplitter.DataAccess\BillSplitter.DataAccess.csproj", "{F7D300B9-7A93-4DDC-94D9-A9E97B0BCCE4}"
EndProject
Global
	GlobalSection(SolutionConfigurationPlatforms) = preSolution
		Debug|Any CPU = Debug|Any CPU
		Release|Any CPU = Release|Any CPU
	EndGlobalSection
	GlobalSection(ProjectConfigurationPlatforms) = postSolution
		{D8C73540-44A2-4409-9829-5C564F0D4228}.Debug|Any CPU.ActiveCfg = Debug|Any CPU
		{D8C73540-44A2-4409-9829-5C564F0D4228}.Debug|Any CPU.Build.0 = Debug|Any CPU
		{D8C73540-44A2-4409-9829-5C564F0D4228}.Release|Any CPU.ActiveCfg = Release|Any CPU
		{D8C73540-44A2-4409-9829-5C564F0D4228}.Release|Any CPU.Build.0 = Release|Any CPU
		{F7D300B9-7A93-4DDC-94D9-A9E97B0BCCE4}.Debug|Any CPU.ActiveCfg = Debug|Any CPU
		{F7D300B9-7A93-4DDC-94D9-A9E97B0BCCE4}.Debug|Any CPU.Build.0 = Debug|Any CPU
		{F7D300B9-7A93-4DDC-94D9-A9E97B0BCCE4}.Release|Any CPU.ActiveCfg = Release|Any CPU
		{F7D300B9-7A93-4DDC-94D9-A9E97B0BCCE4}.Release|Any CPU.Build.0 = Release|Any CPU
	EndGlobalSection
	GlobalSection(SolutionProperties) = preSolution
		HideSolutionNode = FALSE
	EndGlobalSection
	GlobalSection(ExtensibilityGlobals) = postSolution
		SolutionGuid = {00333382-3F64-4697-8DFA-2B256B64202D}
	EndGlobalSection
EndGlobal
